
Microsoft Visual Studio Solution File, Format Version 12.00
Project("{FAE04EC0-301F-11D3-BF4B-00C04F79EFBC}") = "IQueryable", "IQueryable\IQueryable.csproj", "{86415B23-6114-45D8-A360-B9990439CB9D}"
EndProject
Global
	GlobalSection(SolutionConfigurationPlatforms) = preSolution
		Debug|Any CPU = Debug|Any CPU
		Release|Any CPU = Release|Any CPU
	EndGlobalSection
	GlobalSection(ProjectConfigurationPlatforms) = postSolution
		{86415B23-6114-45D8-A360-B9990439CB9D}.Debug|Any CPU.ActiveCfg = Debug|Any CPU
		{86415B23-6114-45D8-A360-B9990439CB9D}.Debug|Any CPU.Build.0 = Debug|Any CPU
		{86415B23-6114-45D8-A360-B9990439CB9D}.Release|Any CPU.ActiveCfg = Release|Any CPU
		{86415B23-6114-45D8-A360-B9990439CB9D}.Release|Any CPU.Build.0 = Release|Any CPU
	EndGlobalSection
EndGlobal
