
Microsoft Visual Studio Solution File, Format Version 12.00
Project("{FAE04EC0-301F-11D3-BF4B-00C04F79EFBC}") = "BoxingUnboxing", "BoxingUnboxing\BoxingUnboxing.csproj", "{679472C8-AB16-44AB-83B0-25478ECC8C36}"
EndProject
Global
	GlobalSection(SolutionConfigurationPlatforms) = preSolution
		Debug|Any CPU = Debug|Any CPU
		Release|Any CPU = Release|Any CPU
	EndGlobalSection
	GlobalSection(ProjectConfigurationPlatforms) = postSolution
		{679472C8-AB16-44AB-83B0-25478ECC8C36}.Debug|Any CPU.ActiveCfg = Debug|Any CPU
		{679472C8-AB16-44AB-83B0-25478ECC8C36}.Debug|Any CPU.Build.0 = Debug|Any CPU
		{679472C8-AB16-44AB-83B0-25478ECC8C36}.Release|Any CPU.ActiveCfg = Release|Any CPU
		{679472C8-AB16-44AB-83B0-25478ECC8C36}.Release|Any CPU.Build.0 = Release|Any CPU
	EndGlobalSection
EndGlobal
